
Microsoft Visual Studio Solution File, Format Version 12.00
# Visual Studio Version 17
VisualStudioVersion = 17.0.31903.59
MinimumVisualStudioVersion = 10.0.40219.1
Project("{2150E333-8FDC-42A3-9474-1A3956D46DE8}") = "src", "src", "{CCF54500-BF81-48C6-A889-901EDFB4F225}"
EndProject
Project("{FAE04EC0-301F-11D3-BF4B-00C04F79EFBC}") = "IntegrationBFF.Core", "src\IntegrationBFF.Core\IntegrationBFF.Core.csproj", "{15CFC4E1-93C6-4F27-91C0-896608832A8D}"
EndProject
Project("{FAE04EC0-301F-11D3-BF4B-00C04F79EFBC}") = "IntegrationBFF.Domain", "src\IntegrationBFF.Domain\IntegrationBFF.Domain.csproj", "{94DA4085-A5D9-48FE-BE49-7A1BE27F56C6}"
EndProject
Project("{FAE04EC0-301F-11D3-BF4B-00C04F79EFBC}") = "IntegrationBFF.Application", "src\IntegrationBFF.Application\IntegrationBFF.Application.csproj", "{37B232A3-5310-4E4D-B71E-AAD872EAB52B}"
EndProject
Project("{FAE04EC0-301F-11D3-BF4B-00C04F79EFBC}") = "IntegrationBFF.Infrastructure", "src\IntegrationBFF.Infrastructure\IntegrationBFF.Infrastructure.csproj", "{C773CB6D-9168-4625-8AD5-F329949C2756}"
EndProject
Project("{FAE04EC0-301F-11D3-BF4B-00C04F79EFBC}") = "IntegrationBFF.Api", "src\IntegrationBFF.Api\IntegrationBFF.Api.csproj", "{DCDFCDBF-8929-4D82-AD2D-1D574DAA7AE1}"
EndProject
Project("{2150E333-8FDC-42A3-9474-1A3956D46DE8}") = "tests", "tests", "{45F191EA-72E2-4A3A-A705-680C664CEA77}"
EndProject
Project("{FAE04EC0-301F-11D3-BF4B-00C04F79EFBC}") = "IntegrationBFF.Application.Tests", "tests\IntegrationBFF.Application.Tests\IntegrationBFF.Application.Tests.csproj", "{2A5965CE-4AFA-4972-ABE9-81A2A6167540}"
EndProject
Project("{FAE04EC0-301F-11D3-BF4B-00C04F79EFBC}") = "IntegrationBFF.Api.Tests", "tests\IntegrationBFF.Api.Tests\IntegrationBFF.Api.Tests.csproj", "{013E2A24-B711-4CF7-9C8A-BF74BC5B8A24}"
EndProject
Global
	GlobalSection(SolutionConfigurationPlatforms) = preSolution
		Debug|Any CPU = Debug|Any CPU
		Release|Any CPU = Release|Any CPU
	EndGlobalSection
	GlobalSection(SolutionProperties) = preSolution
		HideSolutionNode = FALSE
	EndGlobalSection
	GlobalSection(ProjectConfigurationPlatforms) = postSolution
		{15CFC4E1-93C6-4F27-91C0-896608832A8D}.Debug|Any CPU.ActiveCfg = Debug|Any CPU
		{15CFC4E1-93C6-4F27-91C0-896608832A8D}.Debug|Any CPU.Build.0 = Debug|Any CPU
		{15CFC4E1-93C6-4F27-91C0-896608832A8D}.Release|Any CPU.ActiveCfg = Release|Any CPU
		{15CFC4E1-93C6-4F27-91C0-896608832A8D}.Release|Any CPU.Build.0 = Release|Any CPU
		{94DA4085-A5D9-48FE-BE49-7A1BE27F56C6}.Debug|Any CPU.ActiveCfg = Debug|Any CPU
		{94DA4085-A5D9-48FE-BE49-7A1BE27F56C6}.Debug|Any CPU.Build.0 = Debug|Any CPU
		{94DA4085-A5D9-48FE-BE49-7A1BE27F56C6}.Release|Any CPU.ActiveCfg = Release|Any CPU
		{94DA4085-A5D9-48FE-BE49-7A1BE27F56C6}.Release|Any CPU.Build.0 = Release|Any CPU
		{37B232A3-5310-4E4D-B71E-AAD872EAB52B}.Debug|Any CPU.ActiveCfg = Debug|Any CPU
		{37B232A3-5310-4E4D-B71E-AAD872EAB52B}.Debug|Any CPU.Build.0 = Debug|Any CPU
		{37B232A3-5310-4E4D-B71E-AAD872EAB52B}.Release|Any CPU.ActiveCfg = Release|Any CPU
		{37B232A3-5310-4E4D-B71E-AAD872EAB52B}.Release|Any CPU.Build.0 = Release|Any CPU
		{C773CB6D-9168-4625-8AD5-F329949C2756}.Debug|Any CPU.ActiveCfg = Debug|Any CPU
		{C773CB6D-9168-4625-8AD5-F329949C2756}.Debug|Any CPU.Build.0 = Debug|Any CPU
		{C773CB6D-9168-4625-8AD5-F329949C2756}.Release|Any CPU.ActiveCfg = Release|Any CPU
		{C773CB6D-9168-4625-8AD5-F329949C2756}.Release|Any CPU.Build.0 = Release|Any CPU
		{DCDFCDBF-8929-4D82-AD2D-1D574DAA7AE1}.Debug|Any CPU.ActiveCfg = Debug|Any CPU
		{DCDFCDBF-8929-4D82-AD2D-1D574DAA7AE1}.Debug|Any CPU.Build.0 = Debug|Any CPU
		{DCDFCDBF-8929-4D82-AD2D-1D574DAA7AE1}.Release|Any CPU.ActiveCfg = Release|Any CPU
		{DCDFCDBF-8929-4D82-AD2D-1D574DAA7AE1}.Release|Any CPU.Build.0 = Release|Any CPU
		{2A5965CE-4AFA-4972-ABE9-81A2A6167540}.Debug|Any CPU.ActiveCfg = Debug|Any CPU
		{2A5965CE-4AFA-4972-ABE9-81A2A6167540}.Debug|Any CPU.Build.0 = Debug|Any CPU
		{2A5965CE-4AFA-4972-ABE9-81A2A6167540}.Release|Any CPU.ActiveCfg = Release|Any CPU
		{2A5965CE-4AFA-4972-ABE9-81A2A6167540}.Release|Any CPU.Build.0 = Release|Any CPU
		{013E2A24-B711-4CF7-9C8A-BF74BC5B8A24}.Debug|Any CPU.ActiveCfg = Debug|Any CPU
		{013E2A24-B711-4CF7-9C8A-BF74BC5B8A24}.Debug|Any CPU.Build.0 = Debug|Any CPU
		{013E2A24-B711-4CF7-9C8A-BF74BC5B8A24}.Release|Any CPU.ActiveCfg = Release|Any CPU
		{013E2A24-B711-4CF7-9C8A-BF74BC5B8A24}.Release|Any CPU.Build.0 = Release|Any CPU
	EndGlobalSection
	GlobalSection(NestedProjects) = preSolution
		{15CFC4E1-93C6-4F27-91C0-896608832A8D} = {CCF54500-BF81-48C6-A889-901EDFB4F225}
		{94DA4085-A5D9-48FE-BE49-7A1BE27F56C6} = {CCF54500-BF81-48C6-A889-901EDFB4F225}
		{37B232A3-5310-4E4D-B71E-AAD872EAB52B} = {CCF54500-BF81-48C6-A889-901EDFB4F225}
		{C773CB6D-9168-4625-8AD5-F329949C2756} = {CCF54500-BF81-48C6-A889-901EDFB4F225}
		{DCDFCDBF-8929-4D82-AD2D-1D574DAA7AE1} = {CCF54500-BF81-48C6-A889-901EDFB4F225}
		{2A5965CE-4AFA-4972-ABE9-81A2A6167540} = {45F191EA-72E2-4A3A-A705-680C664CEA77}
		{013E2A24-B711-4CF7-9C8A-BF74BC5B8A24} = {45F191EA-72E2-4A3A-A705-680C664CEA77}
	EndGlobalSection
EndGlobal
